
Microsoft Visual Studio Solution File, Format Version 12.00
# Visual Studio 2013
VisualStudioVersion = 12.0.30723.0
MinimumVisualStudioVersion = 10.0.40219.1
Project("{FAE04EC0-301F-11D3-BF4B-00C04F79EFBC}") = "SocialManager", "SocialManager\SocialManager.csproj", "{B62F59DC-33DE-4288-B4CF-4ACBFE138D3C}"
EndProject
Project("{FAE04EC0-301F-11D3-BF4B-00C04F79EFBC}") = "SocialManager.Tests", "SocialManager.Tests\SocialManager.Tests.csproj", "{CC088833-B380-44E9-A4DA-7CE30D7CCB93}"
EndProject
Global
	GlobalSection(SolutionConfigurationPlatforms) = preSolution
		Debug|Any CPU = Debug|Any CPU
		Release|Any CPU = Release|Any CPU
	EndGlobalSection
	GlobalSection(ProjectConfigurationPlatforms) = postSolution
		{B62F59DC-33DE-4288-B4CF-4ACBFE138D3C}.Debug|Any CPU.ActiveCfg = Debug|Any CPU
		{B62F59DC-33DE-4288-B4CF-4ACBFE138D3C}.Debug|Any CPU.Build.0 = Debug|Any CPU
		{B62F59DC-33DE-4288-B4CF-4ACBFE138D3C}.Release|Any CPU.ActiveCfg = Release|Any CPU
		{B62F59DC-33DE-4288-B4CF-4ACBFE138D3C}.Release|Any CPU.Build.0 = Release|Any CPU
		{CC088833-B380-44E9-A4DA-7CE30D7CCB93}.Debug|Any CPU.ActiveCfg = Debug|Any CPU
		{CC088833-B380-44E9-A4DA-7CE30D7CCB93}.Debug|Any CPU.Build.0 = Debug|Any CPU
		{CC088833-B380-44E9-A4DA-7CE30D7CCB93}.Release|Any CPU.ActiveCfg = Release|Any CPU
		{CC088833-B380-44E9-A4DA-7CE30D7CCB93}.Release|Any CPU.Build.0 = Release|Any CPU
	EndGlobalSection
	GlobalSection(SolutionProperties) = preSolution
		HideSolutionNode = FALSE
	EndGlobalSection
EndGlobal
